
Microsoft Visual Studio Solution File, Format Version 12.00
# Visual Studio Version 17
VisualStudioVersion = 17.5.002.0
MinimumVisualStudioVersion = 10.0.40219.1
Project("{9A19103F-16F7-4668-BE54-9A1E7A4F7556}") = "GitLearningProject", "GitLearningProject.csproj", "{7A310C24-4495-4413-B0E5-0041C99075D5}"
EndProject
Global
	GlobalSection(SolutionConfigurationPlatforms) = preSolution
		Debug|Any CPU = Debug|Any CPU
		Release|Any CPU = Release|Any CPU
	EndGlobalSection
	GlobalSection(ProjectConfigurationPlatforms) = postSolution
		{7A310C24-4495-4413-B0E5-0041C99075D5}.Debug|Any CPU.ActiveCfg = Debug|Any CPU
		{7A310C24-4495-4413-B0E5-0041C99075D5}.Debug|Any CPU.Build.0 = Debug|Any CPU
		{7A310C24-4495-4413-B0E5-0041C99075D5}.Release|Any CPU.ActiveCfg = Release|Any CPU
		{7A310C24-4495-4413-B0E5-0041C99075D5}.Release|Any CPU.Build.0 = Release|Any CPU
	EndGlobalSection
	GlobalSection(SolutionProperties) = preSolution
		HideSolutionNode = FALSE
	EndGlobalSection
	GlobalSection(ExtensibilityGlobals) = postSolution
		SolutionGuid = {F8926AF5-5BAF-40F6-8F91-2EDF23798C30}
	EndGlobalSection
EndGlobal
